github.com/fastly/compute-sdk-go v0.2.0 h1:jSzWhtKSbSvoqrpOnBcQEPxf85ED29VWruTqLZgAulE=
github.com/fastly/compute-sdk-go v0.2.0/go.mod h1:FkuTq3OC+czAQOonII04YhiVjfBtMXOuv3hiHjXjHlE=
github.com/fastly/compute-sdk-go v1.0.0 h1:uURhhPXAvX5hbkPIbfJQ/lZTxtHuL/Y0dyN9nMnV9Zk=
github.com/fastly/compute-sdk-go v1.0.0/go.mod h1:FkuTq3OC+czAQOonII04YhiVjfBtMXOuv3hiHjXjHlE=
github.com/fastly/compute-sdk-go v1.3.2 h1:9y49qzks/dH8QIPUuawfW8eKJRAOT1XY5hO9XP8xoCw=
github.com/fastly/compute-sdk-go v1.3.2/go.mod h1:AdOwbVc56tusuDLtufaO57NIzfoox4bgvRc460B/T8o=
golang.design/x/hotkey v0.4.1 h1:zLP/2Pztl4WjyxURdW84GoZ5LUrr6hr69CzJFJ5U1go=
golang.design/x/hotkey v0.4.1/go.mod h1:M8SGcwFYHnKRa83FpTFQoZvPO5vVT+kWPztFqTQKmXA=
